<Solution>
  <Folder Name="/00. Shared/">
    <Project Path="AITools/AITools.csproj" Id="f1430421-b111-4dd8-9f1f-63fbabe81aaf" />
    <Project Path="Helpers/Helpers.csproj" Id="4530fbed-f99c-4108-ab70-a4f726c83022" />
  </Folder>
  <Folder Name="/02. First Samples/">
    <Project Path="FirstAgent/FirstAgent.csproj" Id="2f23be50-11bb-41e7-8da6-629fbd615d18" />
    <Project Path="FirstSample/FirstSample.csproj" />
    <Project Path="HandlebarsSample/HandlebarsSample.csproj" Id="04646a79-d806-427f-baa0-042836530d28" />
  </Folder>
  <Folder Name="/03. ChatClients/">
    <Project Path="AnthropicChatClient/AnthropicChatClient.csproj" Id="338800d7-80cc-49fd-819c-33146a236e6f" />
    <Project Path="AzureOpenAIChatClient/AzureOpenAIChatClient.csproj" Id="dd752f8b-52cc-40ef-aeab-132fea7b0f80" />
    <Project Path="AzureOpenAIChatClientWithImages/AzureOpenAIChatClientWithImages.csproj" Id="630f262e-e554-4f4a-b545-f796aeb84ee7" />
    <Project Path="Chatbot/Chatbot.csproj" Id="6f095eeb-0bcf-4c8d-8334-7ab7e3be4351" />
    <Project Path="ChatbotWithChatOptions/ChatbotWithChatOptions.csproj" Id="c8e4666d-2820-4c37-b269-75e3e405b585" />
    <Project Path="ChatbotWithStreaming/ChatbotWithStreaming.csproj" Id="a6b117e8-3f82-488c-a709-e1c2ce265ca7" />
    <Project Path="ChatbotWithTools/ChatbotWithTools.csproj" Id="9e9de859-7714-4e83-a54f-e11d981b4e2c" />
    <Project Path="ChatClientWithMiddleware/ChatClientWithMiddleware.csproj" Id="3fd36dfd-7d82-4b75-9a8b-6d37cad4e05e" />
    <Project Path="OpenAIChatClient/OpenAIChatClient.csproj" Id="4900f429-fe80-4291-8839-46d354c8faee" />
  </Folder>
  <Folder Name="/04. ChatClients/">
    <Project Path="AzureOpenAIResponses/AzureOpenAIResponses.csproj" Id="fce45c33-0a6c-4d44-b0a7-81e4915d02c0" />
    <Project Path="AzureOpenAIResponsesWithBackgroundResponses/AzureOpenAIResponsesWithBackgroundResponses.csproj" Id="4a6cd89b-4e33-447c-814f-e7270cb868f4" />
    <Project Path="OllamaChatClient/OllamaChatClient.csproj" Id="5a1dd1f1-f9db-415b-9abf-77175598b97a" />
    <Project Path="OnnxChatClient/OnnxChatClient.csproj" Id="9ad26a81-2d96-490a-881a-a937572e3c62" />
    <Project Path="OnnxChatClientMultiModal/OnnxChatClientMultiModal.csproj" Id="19e588cf-b546-42f4-ab54-fafac7a74bab" />
    <Project Path="OpenAIResponses/OpenAIResponses.csproj" Id="0ac00907-7901-458f-b59a-729a3e400200" />
    <Project Path="OpenAIResponsesWithBackgroundResponses/OpenAIResponsesWithBackgroundResponses.csproj" Id="41c00d70-5424-4066-818b-006bc37f7263" />
  </Folder>
  <Folder Name="/05. Agents/">
    <Project Path="Agent/Agent.csproj" Id="fece06e3-a9f1-4482-be9e-de754d23195a" />
    <Project Path="AgentWithBackgroundResponses/AgentWithBackgroundResponses.csproj" Id="f78cafa2-72f7-44e1-a1fc-cb07ad6a13e5" />
    <Project Path="AgentWithChatMessages/AgentWithChatMessages.csproj" Id="52ea5da1-ac91-4c7e-bb82-132992baeff3" />
    <Project Path="AgentWithChatMessagesAndMultiModal/AgentWithChatMessagesAndMultiModal.csproj" Id="31edf045-ea95-45cc-af30-bc115d9b6803" />
    <Project Path="AgentWithInServiceConversation/AgentWithInServiceConversation.csproj" Id="c6ce86ea-4f6f-4bd8-8c7c-9c3237d44ded" />
    <Project Path="AgentWithSerialization/AgentWithSerialization.csproj" />
    <Project Path="AgentWithSession/AgentWithSession.csproj" Id="c8c611b0-91e1-414b-be22-715edae76a52" />
    <Project Path="AgentWithStreaming/AgentWithStreaming.csproj" Id="46e0e8cc-cca7-4299-ae34-9962ee48e9d9" />
    <Project Path="AgentWithStructuredOutput/AgentWithStructuredOutput.csproj" Id="49800875-db92-4293-bc4e-fdec091e7388" />
    <Project Path="DeclarativeAgent/DeclarativeAgent.csproj" />
    <Project Path="MultipleAgentsWithSameSession/MultipleAgentsWithSameSession.csproj" Id="f05259fd-d151-46f9-96d7-8426c6da7627" />
  </Folder>
  <Folder Name="/06. Tools/">
    <Project Path="AgentWithFunctionApproval/AgentWithFunctionApproval.csproj" Id="3acf6a90-ad39-4614-a9f5-f74c8935c064" />
    <Project Path="AgentWithManualToolInvocation/AgentWithManualToolInvocation.csproj" Id="a943b7b2-28f3-4b07-8637-d55115cfe053" />
    <Project Path="AgentWithMultipleToolCalls/AgentWithMultipleToolCalls.csproj" Id="e9c6d7e4-673a-4d49-8260-6108d9accba9" />
    <Project Path="AgentWithToolMode/AgentWithToolMode.csproj" Id="2df80488-d2a2-418c-ac63-455f5c43cb31" />
    <Project Path="AgentWithTools/AgentWithTools.csproj" Id="8f48564f-77d2-4ea3-a604-1efdd83fea25" />
  </Folder>
  <Folder Name="/07. Memories/">
    <Project Path="AgentWithCustomFileBasedContextProvider/AgentWithCustomFileBasedContextProvider.csproj" Id="13d91e87-b323-4cb1-86df-72ef08e8f311" />
    <Project Path="AgentWithDataIngestion/AgentWithDataIngestion.csproj" Id="104a7c2b-2d89-4b54-839f-a702861377be" />
    <Project Path="AgentWithFileBasedChatHistoryProvider/AgentWithFileBasedChatHistoryProvider.csproj" Id="0b75af6f-310d-4163-a2c7-b331545323a5" />
    <Project Path="AgentWithInMemoryChatHistoryProvider/AgentWithInMemoryChatHistoryProvider.csproj" Id="75cf3aa0-4a46-4a80-9dbf-b130680be66f" />
    <Project Path="AgentWithInMemoryChatMessagesAndInMemoryContextProvider/AgentWithInMemoryChatMessagesAndInMemoryContextProvider.csproj" Id="6d9df092-fc46-4190-9b89-40e16cf34170" />
    <Project Path="AgentWithInMemoryVectorStoreProvider/AgentWithInMemoryVectorStoreProvider.csproj" Id="b4ce436c-6e61-44d4-934d-58ec4e10ae7d" />
    <Project Path="AgentWithTextSearchProvider/AgentWithTextSearchProvider.csproj" Id="3f7ad7a2-0a98-4af0-ba40-ddf7f272f758" />
    <Project Path="AgentWithVectorStoreChatHistoryProvider/AgentWithVectorStoreChatHistoryProvider.csproj" Id="7abd3e3e-5a46-48fe-b918-9fe8721ef6cc" />
  </Folder>
  <Folder Name="/08. MCP/">
    <Project Path="MCPClientWithHttp/MCPClientWithHttp.csproj" Id="11319cbb-130c-48f4-817a-3da33521266b" />
    <Project Path="MCPClientWithStdio/MCPClientWithStdio.csproj" Id="00d7ba99-6c36-420f-acea-b58b44076210" />
    <Project Path="MCPServerWithHttp/MCPServerWithHttp.csproj" Id="95dc6035-a066-4f1d-a205-eb434a09cd8d" />
    <Project Path="MCPServerWithStdio/MCPServerWithStdio.csproj" Id="f3625ef7-b036-40f1-9a22-7b3e408a38c5" />
  </Folder>
  <Folder Name="/Solution Items/">
    <File Path="README.md" />
  </Folder>
</Solution>
