<Solution>
  <Folder Name="/Samples/">
    <Project Path="GraphRag/GraphRag.csproj" />
    <Project Path="KeywordRag/KeywordRag.csproj" />
    <Project Path="KeywordVectorGraphRag/KeywordVectorGraphRag.csproj" />
    <Project Path="KeywordVectorRag/KeywordVectorRag.csproj" />
    <Project Path="VectorRag/VectorRag.csproj" />
  </Folder>
  <Folder Name="/Support/">
    <Project Path="RagShared/RagShared.csproj" />
  </Folder>
  <Folder Name="/Tests/">
    <Project Path="RagSamples.Tests/RagSamples.Tests.csproj" />
  </Folder>
</Solution>
